
Microsoft Visual Studio Solution File, Format Version 12.00
# Visual Studio 15
VisualStudioVersion = 15.0.28307.271
MinimumVisualStudioVersion = 10.0.40219.1
Project("{FAE04EC0-301F-11D3-BF4B-00C04F79EFBC}") = "ConcurrentPriorityQueue", "ConcurrentPriorityQueue\ConcurrentPriorityQueue.csproj", "{E6C7464F-9840-4477-AB3E-8D7A4539D016}"
EndProject
Project("{FAE04EC0-301F-11D3-BF4B-00C04F79EFBC}") = "ConcurrentPriorityQueueTests", "ConcurrentPriorityQueueTests\ConcurrentPriorityQueueTests.csproj", "{E457395E-76DD-45D4-A898-C6D299ACF7AD}"
EndProject
Global
	GlobalSection(SolutionConfigurationPlatforms) = preSolution
		Debug|Any CPU = Debug|Any CPU
		Release|Any CPU = Release|Any CPU
	EndGlobalSection
	GlobalSection(ProjectConfigurationPlatforms) = postSolution
		{E6C7464F-9840-4477-AB3E-8D7A4539D016}.Debug|Any CPU.ActiveCfg = Debug|Any CPU
		{E6C7464F-9840-4477-AB3E-8D7A4539D016}.Debug|Any CPU.Build.0 = Debug|Any CPU
		{E6C7464F-9840-4477-AB3E-8D7A4539D016}.Release|Any CPU.ActiveCfg = Release|Any CPU
		{E6C7464F-9840-4477-AB3E-8D7A4539D016}.Release|Any CPU.Build.0 = Release|Any CPU
		{E457395E-76DD-45D4-A898-C6D299ACF7AD}.Debug|Any CPU.ActiveCfg = Debug|Any CPU
		{E457395E-76DD-45D4-A898-C6D299ACF7AD}.Debug|Any CPU.Build.0 = Debug|Any CPU
		{E457395E-76DD-45D4-A898-C6D299ACF7AD}.Release|Any CPU.ActiveCfg = Release|Any CPU
		{E457395E-76DD-45D4-A898-C6D299ACF7AD}.Release|Any CPU.Build.0 = Release|Any CPU
	EndGlobalSection
	GlobalSection(SolutionProperties) = preSolution
		HideSolutionNode = FALSE
	EndGlobalSection
	GlobalSection(ExtensibilityGlobals) = postSolution
		SolutionGuid = {7613249C-4B66-44BD-ADF7-F77E182034DE}
	EndGlobalSection
EndGlobal
